// !$*UTF8*$!
{
	archiveVersion = 1;
	classes = {
	};
	objectVersion = 50;
	objects = {

/* Begin PBXBuildFile section */
		202EBC7C2518F85100FD9ECF /* AppDelegate.swift in Sources */ = {isa = PBXBuildFile; fileRef = 202EBC7B2518F85100FD9ECF /* AppDelegate.swift */; };
		202EBC7E2518F85100FD9ECF /* SceneDelegate.swift in Sources */ = {isa = PBXBuildFile; fileRef = 202EBC7D2518F85100FD9ECF /* SceneDelegate.swift */; };
		202EBC802518F85100FD9ECF /* ContentView.swift in Sources */ = {isa = PBXBuildFile; fileRef = 202EBC7F2518F85100FD9ECF /* ContentView.swift */; };
		202EBC822518F85400FD9ECF /* Assets.xcassets in Resources */ = {isa = PBXBuildFile; fileRef = 202EBC812518F85400FD9ECF /* Assets.xcassets */; };
		202EBC852518F85400FD9ECF /* Preview Assets.xcassets in Resources */ = {isa = PBXBuildFile; fileRef = 202EBC842518F85400FD9ECF /* Preview Assets.xcassets */; };
		202EBC882518F85400FD9ECF /* LaunchScreen.storyboard in Resources */ = {isa = PBXBuildFile; fileRef = 202EBC862518F85400FD9ECF /* LaunchScreen.storyboard */; };
		202EBC902518F86D00FD9ECF /* newVIew.swift in Sources */ = {isa = PBXBuildFile; fileRef = 202EBC8F2518F86D00FD9ECF /* newVIew.swift */; };
/* End PBXBuildFile section */

/* Begin PBXFileReference section */
		202EBC782518F85100FD9ECF /* practice1.app */ = {isa = PBXFileReference; explicitFileType = wrapper.application; includeInIndex = 0; path = practice1.app; sourceTree = BUILT_PRODUCTS_DIR; };
		202EBC7B2518F85100FD9ECF /* AppDelegate.swift */ = {isa = PBXFileReference; lastKnownFileType = sourcecode.swift; path = AppDelegate.swift; sourceTree = "<group>"; };
		202EBC7D2518F85100FD9ECF /* SceneDelegate.swift */ = {isa = PBXFileReference; lastKnownFileType = sourcecode.swift; path = SceneDelegate.swift; sourceTree = "<group>"; };
		202EBC7F2518F85100FD9ECF /* ContentView.swift */ = {isa = PBXFileReference; lastKnownFileType = sourcecode.swift; path = ContentView.swift; sourceTree = "<group>"; };
		202EBC812518F85400FD9ECF /* Assets.xcassets */ = {isa = PBXFileReference; lastKnownFileType = folder.assetcatalog; path = Assets.xcassets; sourceTree = "<group>"; };
		202EBC842518F85400FD9ECF /* Preview Assets.xcassets */ = {isa = PBXFileReference; lastKnownFileType = folder.assetcatalog; path = "Preview Assets.xcassets"; sourceTree = "<group>"; };
		202EBC872518F85400FD9ECF /* Base */ = {isa = PBXFileReference; lastKnownFileType = file.storyboard; name = Base; path = Base.lproj/LaunchScreen.storyboard; sourceTree = "<group>"; };
		202EBC892518F85400FD9ECF /* Info.plist */ = {isa = PBXFileReference; lastKnownFileType = text.plist.xml; path = Info.plist; sourceTree = "<group>"; };
		202EBC8F2518F86D00FD9ECF /* newVIew.swift */ = {isa = PBXFileReference; lastKnownFileType = sourcecode.swift; path = newVIew.swift; sourceTree = "<group>"; };
/* End PBXFileReference section */

/* Begin PBXFrameworksBuildPhase section */
		202EBC752518F85100FD9ECF /* Frameworks */ = {
			isa = PBXFrameworksBuildPhase;
			buildActionMask = 2147483647;
			files = (
			);
			runOnlyForDeploymentPostprocessing = 0;
		};
/* End PBXFrameworksBuildPhase section */

/* Begin PBXGroup section */
		202EBC6F2518F85000FD9ECF = {
			isa = PBXGroup;
			children = (
				202EBC7A2518F85100FD9ECF /* practice1 */,
				202EBC792518F85100FD9ECF /* Products */,
			);
			sourceTree = "<group>";
		};
		202EBC792518F85100FD9ECF /* Products */ = {
			isa = PBXGroup;
			children = (
				202EBC782518F85100FD9ECF /* practice1.app */,
			);
			name = Products;
			sourceTree = "<group>";
		};
		202EBC7A2518F85100FD9ECF /* practice1 */ = {
			isa = PBXGroup;
			children = (
				202EBC7B2518F85100FD9ECF /* AppDelegate.swift */,
				202EBC7D2518F85100FD9ECF /* SceneDelegate.swift */,
				202EBC8F2518F86D00FD9ECF /* newVIew.swift */,
				202EBC7F2518F85100FD9ECF /* ContentView.swift */,
				202EBC812518F85400FD9ECF /* Assets.xcassets */,
				202EBC862518F85400FD9ECF /* LaunchScreen.storyboard */,
				202EBC892518F85400FD9ECF /* Info.plist */,
				202EBC832518F85400FD9ECF /* Preview Content */,
			);
			path = practice1;
			sourceTree = "<group>";
		};
		202EBC832518F85400FD9ECF /* Preview Content */ = {
			isa = PBXGroup;
			children = (
				202EBC842518F85400FD9ECF /* Preview Assets.xcassets */,
			);
			path = "Preview Content";
			sourceTree = "<group>";
		};
/* End PBXGroup section */

/* Begin PBXNativeTarget section */
		202EBC772518F85100FD9ECF /* practice1 */ = {
			isa = PBXNativeTarget;
			buildConfigurationList = 202EBC8C2518F85400FD9ECF /* Build configuration list for PBXNativeTarget "practice1" */;
			buildPhases = (
				202EBC742518F85100FD9ECF /* Sources */,
				202EBC752518F85100FD9ECF /* Frameworks */,
				202EBC762518F85100FD9ECF /* Resources */,
			);
			buildRules = (
			);
			dependencies = (
			);
			name = practice1;
			productName = practice1;
			productReference = 202EBC782518F85100FD9ECF /* practice1.app */;
			productType = "com.apple.product-type.application";
		};
/* End PBXNativeTarget section */

/* Begin PBXProject section */
		202EBC702518F85000FD9ECF /* Project object */ = {
			isa = PBXProject;
			attributes = {
				LastSwiftUpdateCheck = 1170;
				LastUpgradeCheck = 1170;
				ORGANIZATIONNAME = "Umang Kumar";
				TargetAttributes = {
					202EBC772518F85100FD9ECF = {
						CreatedOnToolsVersion = 11.7;
					};
				};
			};
			buildConfigurationList = 202EBC732518F85000FD9ECF /* Build configuration list for PBXProject "practice1" */;
			compatibilityVersion = "Xcode 9.3";
			developmentRegion = en;
			hasScannedForEncodings = 0;
			knownRegions = (
				en,
				Base,
			);
			mainGroup = 202EBC6F2518F85000FD9ECF;
			productRefGroup = 202EBC792518F85100FD9ECF /* Products */;
			projectDirPath = "";
			projectRoot = "";
			targets = (
				202EBC772518F85100FD9ECF /* practice1 */,
			);
		};
/* End PBXProject section */

/* Begin PBXResourcesBuildPhase section */
		202EBC762518F85100FD9ECF /* Resources */ = {
			isa = PBXResourcesBuildPhase;
			buildActionMask = 2147483647;
			files = (
				202EBC882518F85400FD9ECF /* LaunchScreen.storyboard in Resources */,
				202EBC852518F85400FD9ECF /* Preview Assets.xcassets in Resources */,
				202EBC822518F85400FD9ECF /* Assets.xcassets in Resources */,
			);
			runOnlyForDeploymentPostprocessing = 0;
		};
/* End PBXResourcesBuildPhase section */

/* Begin PBXSourcesBuildPhase section */
		202EBC742518F85100FD9ECF /* Sources */ = {
			isa = PBXSourcesBuildPhase;
			buildActionMask = 2147483647;
			files = (
				202EBC7C2518F85100FD9ECF /* AppDelegate.swift in Sources */,
				202EBC902518F86D00FD9ECF /* newVIew.swift in Sources */,
				202EBC7E2518F85100FD9ECF /* SceneDelegate.swift in Sources */,
				202EBC802518F85100FD9ECF /* ContentView.swift in Sources */,
			);
			runOnlyForDeploymentPostprocessing = 0;
		};
/* End PBXSourcesBuildPhase section */

/* Begin PBXVariantGroup section */
		202EBC862518F85400FD9ECF /* LaunchScreen.storyboard */ = {
			isa = PBXVariantGroup;
			children = (
				202EBC872518F85400FD9ECF /* Base */,
			);
			name = LaunchScreen.storyboard;
			sourceTree = "<group>";
		};
/* End PBXVariantGroup section */

/* Begin XCBuildConfiguration section */
		202EBC8A2518F85400FD9ECF /* Debug */ = {
			isa = XCBuildConfiguration;
			buildSettings = {
				ALWAYS_SEARCH_USER_PATHS = NO;
				CLANG_ANALYZER_NONNULL = YES;
				CLANG_ANALYZER_NUMBER_OBJECT_CONVERSION = YES_AGGRESSIVE;
				CLANG_CXX_LANGUAGE_STANDARD = "gnu++14";
				CLANG_CXX_LIBRARY = "libc++";
				CLANG_ENABLE_MODULES = YES;
				CLANG_ENABLE_OBJC_ARC = YES;
				CLANG_ENABLE_OBJC_WEAK = YES;
				CLANG_WARN_BLOCK_CAPTURE_AUTORELEASING = YES;
				CLANG_WARN_BOOL_CONVERSION = YES;
				CLANG_WARN_COMMA = YES;
				CLANG_WARN_CONSTANT_CONVERSION = YES;
				CLANG_WARN_DEPRECATED_OBJC_IMPLEMENTATIONS = YES;
				CLANG_WARN_DIRECT_OBJC_ISA_USAGE = YES_ERROR;
				CLANG_WARN_DOCUMENTATION_COMMENTS = YES;
				CLANG_WARN_EMPTY_BODY = YES;
				CLANG_WARN_ENUM_CONVERSION = YES;
				CLANG_WARN_INFINITE_RECURSION = YES;
				CLANG_WARN_INT_CONVERSION = YES;
				CLANG_WARN_NON_LITERAL_NULL_CONVERSION = YES;
				CLANG_WARN_OBJC_IMPLICIT_RETAIN_SELF = YES;
				CLANG_WARN_OBJC_LITERAL_CONVERSION = YES;
				CLANG_WARN_OBJC_ROOT_CLASS = YES_ERROR;
				CLANG_WARN_RANGE_LOOP_ANALYSIS = YES;
				CLANG_WARN_STRICT_PROTOTYPES = YES;
				CLANG_WARN_SUSPICIOUS_MOVE = YES;
				CLANG_WARN_UNGUARDED_AVAILABILITY = YES_AGGRESSIVE;
				CLANG_WARN_UNREACHABLE_CODE = YES;
				CLANG_WARN__DUPLICATE_METHOD_MATCH = YES;
				COPY_PHASE_STRIP = NO;
				DEBUG_INFORMATION_FORMAT = dwarf;
				ENABLE_STRICT_OBJC_MSGSEND = YES;
				ENABLE_TESTABILITY = YES;
				GCC_C_LANGUAGE_STANDARD = gnu11;
				GCC_DYNAMIC_NO_PIC = NO;
				GCC_NO_COMMON_BLOCKS = YES;
				GCC_OPTIMIZATION_LEVEL = 0;
				GCC_PREPROCESSOR_DEFINITIONS = (
					"DEBUG=1",
					"$(inherited)",
				);
				GCC_WARN_64_TO_32_BIT_CONVERSION = YES;
				GCC_WARN_ABOUT_RETURN_TYPE = YES_ERROR;
				GCC_WARN_UNDECLARED_SELECTOR = YES;
				GCC_WARN_UNINITIALIZED_AUTOS = YES_AGGRESSIVE;
				GCC_WARN_UNUSED_FUNCTION = YES;
				GCC_WARN_UNUSED_VARIABLE = YES;
				IPHONEOS_DEPLOYMENT_TARGET = 13.7;
				MTL_ENABLE_DEBUG_INFO = INCLUDE_SOURCE;
				MTL_FAST_MATH = YES;
				ONLY_ACTIVE_ARCH = YES;
				SDKROOT = iphoneos;
				SWIFT_ACTIVE_COMPILATION_CONDITIONS = DEBUG;
				SWIFT_OPTIMIZATION_LEVEL = "-Onone";
			};
			name = Debug;
		};
		202EBC8B2518F85400FD9ECF /* Release */ = {
			isa = XCBuildConfiguration;
			buildSettings = {
				ALWAYS_SEARCH_USER_PATHS = NO;
				CLANG_ANALYZER_NONNULL = YES;
				CLANG_ANALYZER_NUMBER_OBJECT_CONVERSION = YES_AGGRESSIVE;
				CLANG_CXX_LANGUAGE_STANDARD = "gnu++14";
				CLANG_CXX_LIBRARY = "libc++";
				CLANG_ENABLE_MODULES = YES;
				CLANG_ENABLE_OBJC_ARC = YES;
				CLANG_ENABLE_OBJC_WEAK = YES;
				CLANG_WARN_BLOCK_CAPTURE_AUTORELEASING = YES;
				CLANG_WARN_BOOL_CONVERSION = YES;
				CLANG_WARN_COMMA = YES;
				CLANG_WARN_CONSTANT_CONVERSION = YES;
				CLANG_WARN_DEPRECATED_OBJC_IMPLEMENTATIONS = YES;
				CLANG_WARN_DIRECT_OBJC_ISA_USAGE = YES_ERROR;
				CLANG_WARN_DOCUMENTATION_COMMENTS = YES;
				CLANG_WARN_EMPTY_BODY = YES;
				CLANG_WARN_ENUM_CONVERSION = YES;
				CLANG_WARN_INFINITE_RECURSION = YES;
				CLANG_WARN_INT_CONVERSION = YES;
				CLANG_WARN_NON_LITERAL_NULL_CONVERSION = YES;
				CLANG_WARN_OBJC_IMPLICIT_RETAIN_SELF = YES;
				CLANG_WARN_OBJC_LITERAL_CONVERSION = YES;
				CLANG_WARN_OBJC_ROOT_CLASS = YES_ERROR;
				CLANG_WARN_RANGE_LOOP_ANALYSIS = YES;
				CLANG_WARN_STRICT_PROTOTYPES = YES;
				CLANG_WARN_SUSPICIOUS_MOVE = YES;
				CLANG_WARN_UNGUARDED_AVAILABILITY = YES_AGGRESSIVE;
				CLANG_WARN_UNREACHABLE_CODE = YES;
				CLANG_WARN__DUPLICATE_METHOD_MATCH = YES;
				COPY_PHASE_STRIP = NO;
				DEBUG_INFORMATION_FORMAT = "dwarf-with-dsym";
				ENABLE_NS_ASSERTIONS = NO;
				ENABLE_STRICT_OBJC_MSGSEND = YES;
				GCC_C_LANGUAGE_STANDARD = gnu11;
				GCC_NO_COMMON_BLOCKS = YES;
				GCC_WARN_64_TO_32_BIT_CONVERSION = YES;
				GCC_WARN_ABOUT_RETURN_TYPE = YES_ERROR;
				GCC_WARN_UNDECLARED_SELECTOR = YES;
				GCC_WARN_UNINITIALIZED_AUTOS = YES_AGGRESSIVE;
				GCC_WARN_UNUSED_FUNCTION = YES;
				GCC_WARN_UNUSED_VARIABLE = YES;
				IPHONEOS_DEPLOYMENT_TARGET = 13.7;
				MTL_ENABLE_DEBUG_INFO = NO;
				MTL_FAST_MATH = YES;
				SDKROOT = iphoneos;
				SWIFT_COMPILATION_MODE = wholemodule;
				SWIFT_OPTIMIZATION_LEVEL = "-O";
				VALIDATE_PRODUCT = YES;
			};
			name = Release;
		};
		202EBC8D2518F85400FD9ECF /* Debug */ = {
			isa = XCBuildConfiguration;
			buildSettings = {
				ASSETCATALOG_COMPILER_APPICON_NAME = AppIcon;
				CODE_SIGN_STYLE = Automatic;
				DEVELOPMENT_ASSET_PATHS = "\"practice1/Preview Content\"";
				DEVELOPMENT_TEAM = VGHV96D375;
				ENABLE_PREVIEWS = YES;
				INFOPLIST_FILE = practice1/Info.plist;
				LD_RUNPATH_SEARCH_PATHS = (
					"$(inherited)",
					"@executable_path/Frameworks",
				);
				PRODUCT_BUNDLE_IDENTIFIER = com.Umangkumar1.practice1;
				PRODUCT_NAME = "$(TARGET_NAME)";
				SWIFT_VERSION = 5.0;
				TARGETED_DEVICE_FAMILY = "1,2";
			};
			name = Debug;
		};
		202EBC8E2518F85400FD9ECF /* Release */ = {
			isa = XCBuildConfiguration;
			buildSettings = {
				ASSETCATALOG_COMPILER_APPICON_NAME = AppIcon;
				CODE_SIGN_STYLE = Automatic;
				DEVELOPMENT_ASSET_PATHS = "\"practice1/Preview Content\"";
				DEVELOPMENT_TEAM = VGHV96D375;
				ENABLE_PREVIEWS = YES;
				INFOPLIST_FILE = practice1/Info.plist;
				LD_RUNPATH_SEARCH_PATHS = (
					"$(inherited)",
					"@executable_path/Frameworks",
				);
				PRODUCT_BUNDLE_IDENTIFIER = com.Umangkumar1.practice1;
				PRODUCT_NAME = "$(TARGET_NAME)";
				SWIFT_VERSION = 5.0;
				TARGETED_DEVICE_FAMILY = "1,2";
			};
			name = Release;
		};
/* End XCBuildConfiguration section */

/* Begin XCConfigurationList section */
		202EBC732518F85000FD9ECF /* Build configuration list for PBXProject "practice1" */ = {
			isa = XCConfigurationList;
			buildConfigurations = (
				202EBC8A2518F85400FD9ECF /* Debug */,
				202EBC8B2518F85400FD9ECF /* Release */,
			);
			defaultConfigurationIsVisible = 0;
			defaultConfigurationName = Release;
		};
		202EBC8C2518F85400FD9ECF /* Build configuration list for PBXNativeTarget "practice1" */ = {
			isa = XCConfigurationList;
			buildConfigurations = (
				202EBC8D2518F85400FD9ECF /* Debug */,
				202EBC8E2518F85400FD9ECF /* Release */,
			);
			defaultConfigurationIsVisible = 0;
			defaultConfigurationName = Release;
		};
/* End XCConfigurationList section */
	};
	rootObject = 202EBC702518F85000FD9ECF /* Project object */;
}
